{
  "version": 4,
  "terraform_version": "1.3.4",
  "serial": 4,
  "lineage": "f649a3b5-87cd-1b4f-588e-206a7bd9b445",
  "outputs": {},
  "resources": [
    {
      "mode": "managed",
      "type": "google_sql_database",
      "name": "database",
      "provider": "provider[\"registry.terraform.io/hashicorp/google\"]",
      "instances": [
        {
          "schema_version": 0,
          "attributes": {
            "charset": "utf8",
            "collation": "utf8_general_ci",
            "id": "projects/oeyluucehelhmtkb/instances/main-instance/databases/wordpress",
            "instance": "main-instance",
            "name": "wordpress",
            "project": "oeyluucehelhmtkb",
            "self_link": "https://sqladmin.googleapis.com/sql/v1beta4/projects/oeyluucehelhmtkb/instances/main-instance/databases/wordpress",
            "timeouts": null
          },
          "sensitive_attributes": [],
          "private": "eyJlMmJmYjczMC1lY2FhLTExZTYtOGY4OC0zNDM2M2JjN2M0YzAiOnsiY3JlYXRlIjoxMjAwMDAwMDAwMDAwLCJkZWxldGUiOjEyMDAwMDAwMDAwMDAsInVwZGF0ZSI6MTIwMDAwMDAwMDAwMH19",
          "dependencies": [
            "google_sql_database_instance.main"
          ]
        }
      ]
    },
    {
      "mode": "managed",
      "type": "google_sql_database_instance",
      "name": "main",
      "provider": "provider[\"registry.terraform.io/hashicorp/google\"]",
      "instances": [
        {
          "schema_version": 0,
          "attributes": {
            "available_maintenance_versions": [],
            "clone": [],
            "connection_name": "oeyluucehelhmtkb:us-central1:main-instance",
            "database_version": "MYSQL_5_7",
            "deletion_protection": false,
            "encryption_key_name": null,
            "first_ip_address": "34.28.31.173",
            "id": "main-instance",
            "ip_address": [
              {
                "ip_address": "34.28.31.173",
                "time_to_retire": "",
                "type": "PRIMARY"
              }
            ],
            "maintenance_version": "MYSQL_5_7_39.R20221108.00_01",
            "master_instance_name": "",
            "name": "main-instance",
            "private_ip_address": "",
            "project": "oeyluucehelhmtkb",
            "public_ip_address": "34.28.31.173",
            "region": "us-central1",
            "replica_configuration": [],
            "restore_backup_context": [],
            "root_password": null,
            "self_link": "https://sqladmin.googleapis.com/sql/v1beta4/projects/oeyluucehelhmtkb/instances/main-instance",
            "server_ca_cert": [
              {
                "cert": "-----BEGIN CERTIFICATE-----\nMIIDfzCCAmegAwIBAgIBADANBgkqhkiG9w0BAQsFADB3MS0wKwYDVQQuEyQzYmZl\nNTk1NC03NjY0LTQwMWItODBkNy1kNDg3YmQ4YmEyNzExIzAhBgNVBAMTGkdvb2ds\nZSBDbG91ZCBTUUwgU2VydmVyIENBMRQwEgYDVQQKEwtHb29nbGUsIEluYzELMAkG\nA1UEBhMCVVMwHhcNMjIxMjAxMTk1NjQ1WhcNMzIxMTI4MTk1NzQ1WjB3MS0wKwYD\nVQQuEyQzYmZlNTk1NC03NjY0LTQwMWItODBkNy1kNDg3YmQ4YmEyNzExIzAhBgNV\nBAMTGkdvb2dsZSBDbG91ZCBTUUwgU2VydmVyIENBMRQwEgYDVQQKEwtHb29nbGUs\nIEluYzELMAkGA1UEBhMCVVMwggEiMA0GCSqGSIb3DQEBAQUAA4IBDwAwggEKAoIB\nAQCoAX7V0eXfc3nJ5LE7ZXfIclQGDH5uVkKpyN/sEA2boPFOcZjnIBYVYEUgjMcK\nJAkqG6EifuZC3PSedOnc1pAIXBpTl3N5R6JE86bIgkwwYj7kEKjkyMXM92Wqjcwk\nXqjGY3IC9dc89Vc66tE2vThJCdDUrtebsIUMygRFlQWpEEWa8nGTjIr4WVedWRee\nAwek4V/qFk33U8nTcJZfheNzEELNtEbGq+nF/aBaKICyTrpaljKr+e+UpL4J88YS\nZZ6Z6LYOwIAXCMEd/c86NhE4cwMj1t0JsyIO0p/qN1iqcDZKORZK5/GiYsZaFFas\nQTtCgQw7DTjmdouo6RUiBUPxAgMBAAGjFjAUMBIGA1UdEwEB/wQIMAYBAf8CAQAw\nDQYJKoZIhvcNAQELBQADggEBAGJmchpMpd7URrxpjH+pLIqn9i8Fk7QHuu8IPmdX\nbOLizPV6mqHAYiab9hCfbZSVc0UzTZfmDs1mguQhOnfdV4IxzdLCMqhs5QvqrGBo\nEUoNdLWq23buhhREA0TaNJczTsjiORB2Kg0ngljQ/yxfGykTNm2ylDw6fi3XvyIN\nqzjwA7CkiDjQz04FXkk9gDTvdoeTbcHE+MIh+0JDgCnY2yjGZK+0KVMcb1ByuTbc\nfgnjXZvZPJniT7l6SOhyJAcddOnDXjYQLh7PSIQfaRgBCs5vzA4L48LmD/MfFSX7\n6MD2S8v1x3Gxnxw6IcBcy7OqGWnVII6nny/0ksyGwzoL0mY=\n-----END CERTIFICATE-----",
                "common_name": "C=US,O=Google\\, Inc,CN=Google Cloud SQL Server CA,dnQualifier=3bfe5954-7664-401b-80d7-d487bd8ba271",
                "create_time": "2022-12-01T19:56:45.565Z",
                "expiration_time": "2032-11-28T19:57:45.565Z",
                "sha1_fingerprint": "750c4cf046d58a4742a621f03940e38452820cd6"
              }
            ],
            "service_account_email_address": "p781834462672-qy90qb@gcp-sa-cloud-sql.iam.gserviceaccount.com",
            "settings": [
              {
                "activation_policy": "ALWAYS",
                "active_directory_config": [],
                "availability_type": "ZONAL",
                "backup_configuration": [
                  {
                    "backup_retention_settings": [
                      {
                        "retained_backups": 7,
                        "retention_unit": "COUNT"
                      }
                    ],
                    "binary_log_enabled": false,
                    "enabled": false,
                    "location": "",
                    "point_in_time_recovery_enabled": false,
                    "start_time": "19:00",
                    "transaction_log_retention_days": 7
                  }
                ],
                "collation": "",
                "connector_enforcement": "NOT_REQUIRED",
                "database_flags": [],
                "disk_autoresize": true,
                "disk_autoresize_limit": 0,
                "disk_size": 10,
                "disk_type": "PD_SSD",
                "insights_config": [],
                "ip_configuration": [
                  {
                    "allocated_ip_range": "",
                    "authorized_networks": [],
                    "ipv4_enabled": true,
                    "private_network": "",
                    "require_ssl": false
                  }
                ],
                "location_preference": [
                  {
                    "follow_gae_application": "",
                    "secondary_zone": "",
                    "zone": "us-central1-b"
                  }
                ],
                "maintenance_window": [],
                "password_validation_policy": [],
                "pricing_plan": "PER_USE",
                "sql_server_audit_config": [],
                "tier": "db-f1-micro",
                "time_zone": "",
                "user_labels": {},
                "version": 1
              }
            ],
            "timeouts": null
          },
          "sensitive_attributes": [],
          "private": "eyJlMmJmYjczMC1lY2FhLTExZTYtOGY4OC0zNDM2M2JjN2M0YzAiOnsiY3JlYXRlIjoxODAwMDAwMDAwMDAwLCJkZWxldGUiOjE4MDAwMDAwMDAwMDAsInVwZGF0ZSI6MTgwMDAwMDAwMDAwMH19"
        }
      ]
    },
    {
      "mode": "managed",
      "type": "google_sql_user",
      "name": "users",
      "provider": "provider[\"registry.terraform.io/hashicorp/google\"]",
      "instances": [
        {
          "schema_version": 1,
          "attributes": {
            "deletion_policy": null,
            "host": "me.com",
            "id": "me/me.com/main-instance",
            "instance": "main-instance",
            "name": "me",
            "password": "changeme",
            "password_policy": [],
            "project": "oeyluucehelhmtkb",
            "sql_server_user_details": [],
            "timeouts": null,
            "type": ""
          },
          "sensitive_attributes": [],
          "private": "eyJlMmJmYjczMC1lY2FhLTExZTYtOGY4OC0zNDM2M2JjN2M0YzAiOnsiY3JlYXRlIjo2MDAwMDAwMDAwMDAsImRlbGV0ZSI6NjAwMDAwMDAwMDAwLCJ1cGRhdGUiOjYwMDAwMDAwMDAwMH0sInNjaGVtYV92ZXJzaW9uIjoiMSJ9",
          "dependencies": [
            "google_sql_database_instance.main"
          ]
        }
      ]
    }
  ],
  "check_results": null
}
