{
  "version": 4,
  "terraform_version": "1.3.4",
  "serial": 4,
  "lineage": "1b819ca7-ac9f-9f52-907f-ae76ce216e97",
  "outputs": {},
  "resources": [
    {
      "mode": "managed",
      "type": "google_sql_database",
      "name": "database",
      "provider": "provider[\"registry.terraform.io/hashicorp/google\"]",
      "instances": [
        {
          "schema_version": 0,
          "attributes": {
            "charset": "utf8",
            "collation": "utf8_general_ci",
            "id": "projects/oeyluucehelhmtkb/instances/wordpressdb/databases/random",
            "instance": "wordpressdb",
            "name": "random",
            "project": "oeyluucehelhmtkb",
            "self_link": "https://sqladmin.googleapis.com/sql/v1beta4/projects/oeyluucehelhmtkb/instances/wordpressdb/databases/random",
            "timeouts": null
          },
          "sensitive_attributes": [],
          "private": "eyJlMmJmYjczMC1lY2FhLTExZTYtOGY4OC0zNDM2M2JjN2M0YzAiOnsiY3JlYXRlIjoxMjAwMDAwMDAwMDAwLCJkZWxldGUiOjEyMDAwMDAwMDAwMDAsInVwZGF0ZSI6MTIwMDAwMDAwMDAwMH19",
          "dependencies": [
            "google_sql_database_instance.database"
          ]
        }
      ]
    },
    {
      "mode": "managed",
      "type": "google_sql_database_instance",
      "name": "database",
      "provider": "provider[\"registry.terraform.io/hashicorp/google\"]",
      "instances": [
        {
          "schema_version": 0,
          "attributes": {
            "clone": [],
            "connection_name": "oeyluucehelhmtkb:us-west4:wordpressdb",
            "database_version": "MYSQL_5_6",
            "deletion_protection": false,
            "encryption_key_name": null,
            "first_ip_address": "34.125.9.0",
            "id": "wordpressdb",
            "ip_address": [
              {
                "ip_address": "34.125.9.0",
                "time_to_retire": "",
                "type": "PRIMARY"
              }
            ],
            "master_instance_name": "",
            "name": "wordpressdb",
            "private_ip_address": "",
            "project": "oeyluucehelhmtkb",
            "public_ip_address": "34.125.9.0",
            "region": "us-west4",
            "replica_configuration": [],
            "restore_backup_context": [],
            "root_password": "password",
            "self_link": "https://sqladmin.googleapis.com/sql/v1beta4/projects/oeyluucehelhmtkb/instances/wordpressdb",
            "server_ca_cert": [
              {
                "cert": "-----BEGIN CERTIFICATE-----\nMIIDfzCCAmegAwIBAgIBADANBgkqhkiG9w0BAQsFADB3MS0wKwYDVQQuEyRkYWEw\nZGZkZS1jYTczLTRmOGMtOWU4My01N2QyOTFlNmNjODQxIzAhBgNVBAMTGkdvb2ds\nZSBDbG91ZCBTUUwgU2VydmVyIENBMRQwEgYDVQQKEwtHb29nbGUsIEluYzELMAkG\nA1UEBhMCVVMwHhcNMjIxMjAyMTExMjU1WhcNMzIxMTI5MTExMzU1WjB3MS0wKwYD\nVQQuEyRkYWEwZGZkZS1jYTczLTRmOGMtOWU4My01N2QyOTFlNmNjODQxIzAhBgNV\nBAMTGkdvb2dsZSBDbG91ZCBTUUwgU2VydmVyIENBMRQwEgYDVQQKEwtHb29nbGUs\nIEluYzELMAkGA1UEBhMCVVMwggEiMA0GCSqGSIb3DQEBAQUAA4IBDwAwggEKAoIB\nAQCWzWr937iGXaLHIN5jhhRb4vnxP0bhh43gQ/Y8eW8mDuEXJIPElo/ZlS4VilKv\nS1QnSI4ZTiv1yjtFeZ2uvcM2jVbfbcdk/+Yl1r4rK5nrJ15h+x+mLNt5qVrWGSAp\n9VD1/7k6AoxUbmnKsum0b5kFQI8sgZ0m1lPwG5X3A3EBUiDJlv/ZqpVutpAUA8Bv\nyeMrEcKwn/s9womJPoKMWnfQjzvmYnrJ5vda+APGL3j/5MTjXiq+GvuGUN5cDEXQ\nvnoTEvE59p4eDC2mNc4UIsmed8PqiSL3jSX0auJ+BCJ/lezFtg/wdJSkBCPwg0KY\nrLZ6KtBAvvyzyljhOEVQqU4VAgMBAAGjFjAUMBIGA1UdEwEB/wQIMAYBAf8CAQAw\nDQYJKoZIhvcNAQELBQADggEBAGLDjAplwU6rzZ2v8AOx3NlxN/VYLWamSdfovA9/\nbIzYxT635K+hkO8jaRre7OJ32QyvQoP/fc5lvfYeJsCihM4UR0rS/yyjGAXZmGZz\n1VmNRV2samx/I8lQWl1MLzQ3wuI+mnW2qMlWsxBG7Z6S8Q+2tsIjTHh93v8Oi/bU\nqtcQXKoACzt1ixp9Kf4ZEeUknWn9PYrD7/bENiYIRoVr+nTvAk1KntnwwgnR062a\nig5IeUiWLxJ0mTL3iuyHZI+tLv/ou0qJZi/AEnfqljMxyiWt9b2j3IzxWbMydGnF\ncwHj1F1WcGvtTVjULZRm+iflvq8TW+AW9bN+yLvJr8dKe0Q=\n-----END CERTIFICATE-----",
                "common_name": "C=US,O=Google\\, Inc,CN=Google Cloud SQL Server CA,dnQualifier=daa0dfde-ca73-4f8c-9e83-57d291e6cc84",
                "create_time": "2022-12-02T11:12:55.364Z",
                "expiration_time": "2032-11-29T11:13:55.364Z",
                "sha1_fingerprint": "4357c763ce6f5f2290ade19b9c916514b13b9994"
              }
            ],
            "service_account_email_address": "p781834462672-d5rhef@gcp-sa-cloud-sql.iam.gserviceaccount.com",
            "settings": [
              {
                "activation_policy": "ALWAYS",
                "active_directory_config": [],
                "availability_type": "ZONAL",
                "backup_configuration": [
                  {
                    "backup_retention_settings": [
                      {
                        "retained_backups": 7,
                        "retention_unit": "COUNT"
                      }
                    ],
                    "binary_log_enabled": false,
                    "enabled": false,
                    "location": "",
                    "point_in_time_recovery_enabled": false,
                    "start_time": "16:00",
                    "transaction_log_retention_days": 7
                  }
                ],
                "collation": "",
                "database_flags": [],
                "disk_autoresize": true,
                "disk_autoresize_limit": 0,
                "disk_size": 10,
                "disk_type": "PD_SSD",
                "insights_config": [],
                "ip_configuration": [
                  {
                    "allocated_ip_range": "",
                    "authorized_networks": [],
                    "ipv4_enabled": true,
                    "private_network": "",
                    "require_ssl": false
                  }
                ],
                "location_preference": [
                  {
                    "follow_gae_application": "",
                    "secondary_zone": "",
                    "zone": "us-west4-a"
                  }
                ],
                "maintenance_window": [],
                "pricing_plan": "PER_USE",
                "sql_server_audit_config": [],
                "tier": "db-f1-micro",
                "user_labels": {},
                "version": 1
              }
            ],
            "timeouts": null
          },
          "sensitive_attributes": [],
          "private": "eyJlMmJmYjczMC1lY2FhLTExZTYtOGY4OC0zNDM2M2JjN2M0YzAiOnsiY3JlYXRlIjoxODAwMDAwMDAwMDAwLCJkZWxldGUiOjE4MDAwMDAwMDAwMDAsInVwZGF0ZSI6MTgwMDAwMDAwMDAwMH19"
        }
      ]
    },
    {
      "mode": "managed",
      "type": "google_sql_user",
      "name": "users",
      "provider": "provider[\"registry.terraform.io/hashicorp/google\"]",
      "instances": [
        {
          "schema_version": 1,
          "attributes": {
            "deletion_policy": null,
            "host": "%",
            "id": "olga04/%/wordpressdb",
            "instance": "wordpressdb",
            "name": "olga04",
            "password": "password",
            "project": "oeyluucehelhmtkb",
            "sql_server_user_details": [],
            "timeouts": null,
            "type": ""
          },
          "sensitive_attributes": [],
          "private": "eyJlMmJmYjczMC1lY2FhLTExZTYtOGY4OC0zNDM2M2JjN2M0YzAiOnsiY3JlYXRlIjo2MDAwMDAwMDAwMDAsImRlbGV0ZSI6NjAwMDAwMDAwMDAwLCJ1cGRhdGUiOjYwMDAwMDAwMDAwMH0sInNjaGVtYV92ZXJzaW9uIjoiMSJ9",
          "dependencies": [
            "google_sql_database_instance.database"
          ]
        }
      ]
    }
  ],
  "check_results": null
}
