{
  "version": 4,
  "terraform_version": "1.3.4",
  "serial": 5,
  "lineage": "bf327612-4ac8-c936-6cba-a8df176bfa12",
  "outputs": {
    "display_name": {
      "value": "My Billing Account",
      "type": "string"
    },
    "id": {
      "value": "012611-1CAADD-CCCFD4",
      "type": "string"
    },
    "name": {
      "value": "billingAccounts/012611-1CAADD-CCCFD4",
      "type": "string"
    },
    "project_id": {
      "value": "projects/oeyluucehelhmtkb",
      "type": "string"
    }
  },
  "resources": [
    {
      "mode": "data",
      "type": "google_billing_account",
      "name": "acct",
      "provider": "provider[\"registry.terraform.io/hashicorp/google\"]",
      "instances": [
        {
          "schema_version": 0,
          "attributes": {
            "billing_account": null,
            "display_name": "My Billing Account",
            "id": "012611-1CAADD-CCCFD4",
            "name": "billingAccounts/012611-1CAADD-CCCFD4",
            "open": true,
            "project_ids": [
              "gcp-project-370102",
              "vital-defender-366319"
            ]
          },
          "sensitive_attributes": []
        }
      ]
    },
    {
      "mode": "managed",
      "type": "google_project",
      "name": "testproject",
      "provider": "provider[\"registry.terraform.io/hashicorp/google\"]",
      "instances": [
        {
          "schema_version": 1,
          "attributes": {
            "auto_create_network": true,
            "billing_account": "012611-1CAADD-CCCFD4",
            "folder_id": null,
            "id": "projects/oeyluucehelhmtkb",
            "labels": null,
            "name": "testproject",
            "number": "781834462672",
            "org_id": null,
            "project_id": "oeyluucehelhmtkb",
            "skip_delete": null,
            "timeouts": null
          },
          "sensitive_attributes": [
            [
              {
                "type": "get_attr",
                "value": "project_id"
              }
            ]
          ],
          "private": "eyJlMmJmYjczMC1lY2FhLTExZTYtOGY4OC0zNDM2M2JjN2M0YzAiOnsiY3JlYXRlIjo2MDAwMDAwMDAwMDAsImRlbGV0ZSI6NjAwMDAwMDAwMDAwLCJyZWFkIjo2MDAwMDAwMDAwMDAsInVwZGF0ZSI6NjAwMDAwMDAwMDAwfSwic2NoZW1hX3ZlcnNpb24iOiIxIn0=",
          "dependencies": [
            "data.google_billing_account.acct",
            "random_password.password"
          ]
        }
      ]
    },
    {
      "mode": "managed",
      "type": "null_resource",
      "name": "enable-apis",
      "provider": "provider[\"registry.terraform.io/hashicorp/null\"]",
      "instances": [
        {
          "schema_version": 0,
          "attributes": {
            "id": "4813553818624325072",
            "triggers": {
              "always_run": "2022-12-01T19:02:17Z"
            }
          },
          "sensitive_attributes": [],
          "dependencies": [
            "data.google_billing_account.acct",
            "google_project.testproject",
            "null_resource.set-project",
            "random_password.password"
          ]
        }
      ]
    },
    {
      "mode": "managed",
      "type": "null_resource",
      "name": "set-project",
      "provider": "provider[\"registry.terraform.io/hashicorp/null\"]",
      "instances": [
        {
          "schema_version": 0,
          "attributes": {
            "id": "9036943791185835275",
            "triggers": {
              "always_run": "2022-12-01T19:02:16Z"
            }
          },
          "sensitive_attributes": [],
          "dependencies": [
            "data.google_billing_account.acct",
            "google_project.testproject",
            "random_password.password"
          ]
        }
      ]
    },
    {
      "mode": "managed",
      "type": "random_password",
      "name": "password",
      "provider": "provider[\"registry.terraform.io/hashicorp/random\"]",
      "instances": [
        {
          "schema_version": 3,
          "attributes": {
            "bcrypt_hash": "$2a$10$3JQugMqHQhNR0MWGXfXfJetALoqHD2/UppD2kIsg0h1HiyPz2xzwS",
            "id": "none",
            "keepers": null,
            "length": 16,
            "lower": true,
            "min_lower": 0,
            "min_numeric": 0,
            "min_special": 0,
            "min_upper": 0,
            "number": false,
            "numeric": false,
            "override_special": null,
            "result": "oeyluucehelhmtkb",
            "special": false,
            "upper": false
          },
          "sensitive_attributes": []
        }
      ]
    }
  ],
  "check_results": null
}
